
Microsoft Visual Studio Solution File, Format Version 12.00
# Visual Studio Version 16
VisualStudioVersion = 16.0.30413.136
MinimumVisualStudioVersion = 10.0.40219.1
Project("{9A19103F-16F7-4668-BE54-9A1E7A4F7556}") = "AtCoderLibrary", "Source\AtCoderLibrary\AtCoderLibrary.csproj", "{7915FF27-0322-4460-A94E-FA7B86D5E25C}"
EndProject
Project("{2150E333-8FDC-42A3-9474-1A3956D46DE8}") = "Solution Items", "Solution Items", "{C9D4DB37-1705-454C-B223-B73CB823335D}"
	ProjectSection(SolutionItems) = preProject
		.editorconfig = .editorconfig
	EndProjectSection
EndProject
Project("{9A19103F-16F7-4668-BE54-9A1E7A4F7556}") = "AtCoderLibrary.Test", "Test\AtCoderLibrary.Test\AtCoderLibrary.Test.csproj", "{D0662927-8142-43D2-ABA9-C1977107F0ED}"
EndProject
Project("{2150E333-8FDC-42A3-9474-1A3956D46DE8}") = "Test", "Test", "{573A3DC6-BEB2-4E3A-8EB3-E4CB88F3C8F1}"
EndProject
Global
	GlobalSection(SolutionConfigurationPlatforms) = preSolution
		Debug|Any CPU = Debug|Any CPU
		Release|Any CPU = Release|Any CPU
	EndGlobalSection
	GlobalSection(ProjectConfigurationPlatforms) = postSolution
		{7915FF27-0322-4460-A94E-FA7B86D5E25C}.Debug|Any CPU.ActiveCfg = Debug|Any CPU
		{7915FF27-0322-4460-A94E-FA7B86D5E25C}.Debug|Any CPU.Build.0 = Debug|Any CPU
		{7915FF27-0322-4460-A94E-FA7B86D5E25C}.Release|Any CPU.ActiveCfg = Release|Any CPU
		{7915FF27-0322-4460-A94E-FA7B86D5E25C}.Release|Any CPU.Build.0 = Release|Any CPU
		{D0662927-8142-43D2-ABA9-C1977107F0ED}.Debug|Any CPU.ActiveCfg = Debug|Any CPU
		{D0662927-8142-43D2-ABA9-C1977107F0ED}.Debug|Any CPU.Build.0 = Debug|Any CPU
		{D0662927-8142-43D2-ABA9-C1977107F0ED}.Release|Any CPU.ActiveCfg = Release|Any CPU
		{D0662927-8142-43D2-ABA9-C1977107F0ED}.Release|Any CPU.Build.0 = Release|Any CPU
	EndGlobalSection
	GlobalSection(SolutionProperties) = preSolution
		HideSolutionNode = FALSE
	EndGlobalSection
	GlobalSection(NestedProjects) = preSolution
		{D0662927-8142-43D2-ABA9-C1977107F0ED} = {573A3DC6-BEB2-4E3A-8EB3-E4CB88F3C8F1}
	EndGlobalSection
	GlobalSection(ExtensibilityGlobals) = postSolution
		SolutionGuid = {3DF2A5DC-C174-486C-A24B-1F08FAA0D4F5}
	EndGlobalSection
EndGlobal
