
Microsoft Visual Studio Solution File, Format Version 12.00
# Visual Studio Version 16
VisualStudioVersion = 16.0.30413.136
MinimumVisualStudioVersion = 10.0.40219.1
Project("{9A19103F-16F7-4668-BE54-9A1E7A4F7556}") = "AtCoderLibrary", "AtCoderLibrary\AtCoderLibrary.csproj", "{7915FF27-0322-4460-A94E-FA7B86D5E25C}"
EndProject
Project("{2150E333-8FDC-42A3-9474-1A3956D46DE8}") = "Solution Items", "Solution Items", "{C9D4DB37-1705-454C-B223-B73CB823335D}"
	ProjectSection(SolutionItems) = preProject
		.editorconfig = .editorconfig
	EndProjectSection
EndProject
Project("{FAE04EC0-301F-11D3-BF4B-00C04F79EFBC}") = "AtCoderLibrary.Test", "AtCoderLibrary.Test\AtCoderLibrary.Test.csproj", "{36C7CD8E-CCC6-4D87-BDD1-FB887CBC7E1C}"
	ProjectSection(ProjectDependencies) = postProject
		{7915FF27-0322-4460-A94E-FA7B86D5E25C} = {7915FF27-0322-4460-A94E-FA7B86D5E25C}
	EndProjectSection
EndProject
Global
	GlobalSection(SolutionConfigurationPlatforms) = preSolution
		Debug|Any CPU = Debug|Any CPU
		Release|Any CPU = Release|Any CPU
	EndGlobalSection
	GlobalSection(ProjectConfigurationPlatforms) = postSolution
		{7915FF27-0322-4460-A94E-FA7B86D5E25C}.Debug|Any CPU.ActiveCfg = Debug|Any CPU
		{7915FF27-0322-4460-A94E-FA7B86D5E25C}.Debug|Any CPU.Build.0 = Debug|Any CPU
		{7915FF27-0322-4460-A94E-FA7B86D5E25C}.Release|Any CPU.ActiveCfg = Release|Any CPU
		{7915FF27-0322-4460-A94E-FA7B86D5E25C}.Release|Any CPU.Build.0 = Release|Any CPU
		{36C7CD8E-CCC6-4D87-BDD1-FB887CBC7E1C}.Debug|Any CPU.ActiveCfg = Debug|Any CPU
		{36C7CD8E-CCC6-4D87-BDD1-FB887CBC7E1C}.Debug|Any CPU.Build.0 = Debug|Any CPU
		{36C7CD8E-CCC6-4D87-BDD1-FB887CBC7E1C}.Release|Any CPU.ActiveCfg = Release|Any CPU
		{36C7CD8E-CCC6-4D87-BDD1-FB887CBC7E1C}.Release|Any CPU.Build.0 = Release|Any CPU
	EndGlobalSection
	GlobalSection(SolutionProperties) = preSolution
		HideSolutionNode = FALSE
	EndGlobalSection
	GlobalSection(ExtensibilityGlobals) = postSolution
		SolutionGuid = {3DF2A5DC-C174-486C-A24B-1F08FAA0D4F5}
	EndGlobalSection
EndGlobal
