
Microsoft Visual Studio Solution File, Format Version 12.00
# Visual Studio Version 16
VisualStudioVersion = 16.0.30804.86
MinimumVisualStudioVersion = 10.0.40219.1
Project("{FAE04EC0-301F-11D3-BF4B-00C04F79EFBC}") = "AtCoderLibrary.LibraryChecker", "AtCoderLibrary.LibraryChecker.csproj", "{5327A021-ED24-4674-A609-040E02B4385E}"
EndProject
Project("{9A19103F-16F7-4668-BE54-9A1E7A4F7556}") = "AtCoderLibrary", "..\..\Source\AtCoderLibrary\AtCoderLibrary.csproj", "{C5BE8107-518F-4BA9-A76D-086209999A62}"
EndProject
Global
	GlobalSection(SolutionConfigurationPlatforms) = preSolution
		Debug|Any CPU = Debug|Any CPU
		Release|Any CPU = Release|Any CPU
	EndGlobalSection
	GlobalSection(ProjectConfigurationPlatforms) = postSolution
		{5327A021-ED24-4674-A609-040E02B4385E}.Debug|Any CPU.ActiveCfg = Debug|Any CPU
		{5327A021-ED24-4674-A609-040E02B4385E}.Debug|Any CPU.Build.0 = Debug|Any CPU
		{5327A021-ED24-4674-A609-040E02B4385E}.Release|Any CPU.ActiveCfg = Release|Any CPU
		{5327A021-ED24-4674-A609-040E02B4385E}.Release|Any CPU.Build.0 = Release|Any CPU
		{C5BE8107-518F-4BA9-A76D-086209999A62}.Debug|Any CPU.ActiveCfg = Debug|Any CPU
		{C5BE8107-518F-4BA9-A76D-086209999A62}.Debug|Any CPU.Build.0 = Debug|Any CPU
		{C5BE8107-518F-4BA9-A76D-086209999A62}.Release|Any CPU.ActiveCfg = Release|Any CPU
		{C5BE8107-518F-4BA9-A76D-086209999A62}.Release|Any CPU.Build.0 = Release|Any CPU
	EndGlobalSection
	GlobalSection(SolutionProperties) = preSolution
		HideSolutionNode = FALSE
	EndGlobalSection
	GlobalSection(ExtensibilityGlobals) = postSolution
		SolutionGuid = {71D14B32-83E3-455C-AEBB-A7373761D421}
	EndGlobalSection
EndGlobal
